
Microsoft Visual Studio Solution File, Format Version 12.00
# Visual Studio Version 17
VisualStudioVersion = 17.14.36623.8 d17.14
MinimumVisualStudioVersion = 10.0.40219.1
Project("{FAE04EC0-301F-11D3-BF4B-00C04F79EFBC}") = "SensoreApp", "SensoreApp.csproj", "{32FD383B-E4F5-5056-D7BD-450762F479C1}"
EndProject
Global
	GlobalSection(SolutionConfigurationPlatforms) = preSolution
		Debug|Any CPU = Debug|Any CPU
		Release|Any CPU = Release|Any CPU
	EndGlobalSection
	GlobalSection(ProjectConfigurationPlatforms) = postSolution
		{32FD383B-E4F5-5056-D7BD-450762F479C1}.Debug|Any CPU.ActiveCfg = Debug|Any CPU
		{32FD383B-E4F5-5056-D7BD-450762F479C1}.Debug|Any CPU.Build.0 = Debug|Any CPU
		{32FD383B-E4F5-5056-D7BD-450762F479C1}.Release|Any CPU.ActiveCfg = Release|Any CPU
		{32FD383B-E4F5-5056-D7BD-450762F479C1}.Release|Any CPU.Build.0 = Release|Any CPU
	EndGlobalSection
	GlobalSection(SolutionProperties) = preSolution
		HideSolutionNode = FALSE
	EndGlobalSection
	GlobalSection(ExtensibilityGlobals) = postSolution
		SolutionGuid = {F65490DA-064B-4E24-BC9B-C6715C133F5C}
	EndGlobalSection
EndGlobal
